
Microsoft Visual Studio Solution File, Format Version 12.00
# Visual Studio Version 17
VisualStudioVersion = 17.10.34902.84
MinimumVisualStudioVersion = 10.0.40219.1
Project("{FAE04EC0-301F-11D3-BF4B-00C04F79EFBC}") = "BackGame", "BackGame\BackGame.csproj", "{89CA53C4-3541-440F-967C-5BC9A1F54F71}"
EndProject
Global
	GlobalSection(SolutionConfigurationPlatforms) = preSolution
		Debug|Any CPU = Debug|Any CPU
		Release|Any CPU = Release|Any CPU
	EndGlobalSection
	GlobalSection(ProjectConfigurationPlatforms) = postSolution
		{89CA53C4-3541-440F-967C-5BC9A1F54F71}.Debug|Any CPU.ActiveCfg = Debug|Any CPU
		{89CA53C4-3541-440F-967C-5BC9A1F54F71}.Debug|Any CPU.Build.0 = Debug|Any CPU
		{89CA53C4-3541-440F-967C-5BC9A1F54F71}.Release|Any CPU.ActiveCfg = Release|Any CPU
		{89CA53C4-3541-440F-967C-5BC9A1F54F71}.Release|Any CPU.Build.0 = Release|Any CPU
	EndGlobalSection
	GlobalSection(SolutionProperties) = preSolution
		HideSolutionNode = FALSE
	EndGlobalSection
	GlobalSection(ExtensibilityGlobals) = postSolution
		SolutionGuid = {A68A2D71-EBAB-404F-A82E-2C0A993E48E8}
	EndGlobalSection
EndGlobal
